// !$*UTF8*$!
{
	archiveVersion = 1;
	classes = {
	};
	objectVersion = 46;
	objects = {

/* Begin PBXBuildFile section */
		63ADC5281D052028D05A4B1E /* libPods.a in Frameworks */ = {isa = PBXBuildFile; fileRef = 3819954E89B38082E6374B6A /* libPods.a */; };
		CD25C3341B29B82F00C0EE91 /* filter_list.png in Resources */ = {isa = PBXBuildFile; fileRef = CD25C3331B29B82F00C0EE91 /* filter_list.png */; };
		CD25C3361B29BA3600C0EE91 /* up_arrow_white.png in Resources */ = {isa = PBXBuildFile; fileRef = CD25C3351B29BA3600C0EE91 /* up_arrow_white.png */; };
		CD3DD1521B3169D20082A337 /* Localization.m in Sources */ = {isa = PBXBuildFile; fileRef = CD3DD1511B3169D20082A337 /* Localization.m */; };
		CD8936541B32B6410016439D /* DominioTableViewCell.m in Sources */ = {isa = PBXBuildFile; fileRef = CD8936521B32B6410016439D /* DominioTableViewCell.m */; };
		CD8936551B32B6410016439D /* DominioTableViewCell.xib in Resources */ = {isa = PBXBuildFile; fileRef = CD8936531B32B6410016439D /* DominioTableViewCell.xib */; };
		CDA071811B20659100BD6CCF /* CustomCollectionViewCell.m in Sources */ = {isa = PBXBuildFile; fileRef = CDA0717F1B20659100BD6CCF /* CustomCollectionViewCell.m */; };
		CDA071821B20659100BD6CCF /* CustomCollectionViewCell.xib in Resources */ = {isa = PBXBuildFile; fileRef = CDA071801B20659100BD6CCF /* CustomCollectionViewCell.xib */; };
		CDA071841B20659B00BD6CCF /* TermCard.xib in Resources */ = {isa = PBXBuildFile; fileRef = CDA071831B20659B00BD6CCF /* TermCard.xib */; };
		CDA0719D1B2065B700BD6CCF /* Categoria.m in Sources */ = {isa = PBXBuildFile; fileRef = CDA071861B2065B700BD6CCF /* Categoria.m */; };
		CDA0719E1B2065B700BD6CCF /* CategoryCard.m in Sources */ = {isa = PBXBuildFile; fileRef = CDA071881B2065B700BD6CCF /* CategoryCard.m */; };
		CDA0719F1B2065B700BD6CCF /* DEMOCustomAutoCompleteObject.m in Sources */ = {isa = PBXBuildFile; fileRef = CDA0718A1B2065B700BD6CCF /* DEMOCustomAutoCompleteObject.m */; };
		CDA071A01B2065B700BD6CCF /* DEMODataSource.m in Sources */ = {isa = PBXBuildFile; fileRef = CDA0718C1B2065B700BD6CCF /* DEMODataSource.m */; };
		CDA071A11B2065B700BD6CCF /* Descriptor.m in Sources */ = {isa = PBXBuildFile; fileRef = CDA0718E1B2065B700BD6CCF /* Descriptor.m */; };
		CDA071A21B2065B700BD6CCF /* Domain.m in Sources */ = {isa = PBXBuildFile; fileRef = CDA071901B2065B700BD6CCF /* Domain.m */; };
		CDA071A31B2065B700BD6CCF /* DomainCard.m in Sources */ = {isa = PBXBuildFile; fileRef = CDA071921B2065B700BD6CCF /* DomainCard.m */; };
		CDA071A41B2065B700BD6CCF /* DomainCategoryCard.m in Sources */ = {isa = PBXBuildFile; fileRef = CDA071941B2065B700BD6CCF /* DomainCategoryCard.m */; };
		CDA071A51B2065B700BD6CCF /* Etichetta.m in Sources */ = {isa = PBXBuildFile; fileRef = CDA071961B2065B700BD6CCF /* Etichetta.m */; };
		CDA071A61B2065B700BD6CCF /* GenericCard.m in Sources */ = {isa = PBXBuildFile; fileRef = CDA071981B2065B700BD6CCF /* GenericCard.m */; };
		CDA071A71B2065B700BD6CCF /* GenericScrollCard.m in Sources */ = {isa = PBXBuildFile; fileRef = CDA0719A1B2065B700BD6CCF /* GenericScrollCard.m */; };
		CDA071AB1B2065D000BD6CCF /* AppDelegate.m in Sources */ = {isa = PBXBuildFile; fileRef = CDA071AA1B2065D000BD6CCF /* AppDelegate.m */; };
		CDA071C81B20661500BD6CCF /* Main.storyboard in Resources */ = {isa = PBXBuildFile; fileRef = CDA071AC1B20661400BD6CCF /* Main.storyboard */; };
		CDA071CA1B20661500BD6CCF /* MLPAutoCompleteTextField.m in Sources */ = {isa = PBXBuildFile; fileRef = CDA071B01B20661500BD6CCF /* MLPAutoCompleteTextField.m */; };
		CDA071CB1B20661500BD6CCF /* NSString+Levenshtein.m in Sources */ = {isa = PBXBuildFile; fileRef = CDA071B51B20661500BD6CCF /* NSString+Levenshtein.m */; };
		CDA071CD1B20661500BD6CCF /* ScrollerViewController.m in Sources */ = {isa = PBXBuildFile; fileRef = CDA071B91B20661500BD6CCF /* ScrollerViewController.m */; };
		CDA071CE1B20661500BD6CCF /* SideMenuTableViewController.m in Sources */ = {isa = PBXBuildFile; fileRef = CDA071BB1B20661500BD6CCF /* SideMenuTableViewController.m */; };
		CDA071D01B20661500BD6CCF /* Term.m in Sources */ = {isa = PBXBuildFile; fileRef = CDA071BF1B20661500BD6CCF /* Term.m */; };
		CDA071D11B20661500BD6CCF /* TermCard.m in Sources */ = {isa = PBXBuildFile; fileRef = CDA071C11B20661500BD6CCF /* TermCard.m */; };
		CDA071D21B20661500BD6CCF /* Utils.m in Sources */ = {isa = PBXBuildFile; fileRef = CDA071C31B20661500BD6CCF /* Utils.m */; };
		CDA071D41B20661500BD6CCF /* WordButton.m in Sources */ = {isa = PBXBuildFile; fileRef = CDA071C71B20661500BD6CCF /* WordButton.m */; };
		CDA071D61B20664C00BD6CCF /* Localizable.strings in Resources */ = {isa = PBXBuildFile; fileRef = CDA071D51B20664C00BD6CCF /* Localizable.strings */; };
		CDA071DF1B2074CA00BD6CCF /* UILabel+FormattedText.m in Sources */ = {isa = PBXBuildFile; fileRef = CDA071DE1B2074CA00BD6CCF /* UILabel+FormattedText.m */; };
		CDB3F56B1B33FF3E0031182E /* InfoViewController.m in Sources */ = {isa = PBXBuildFile; fileRef = CDB3F56A1B33FF3E0031182E /* InfoViewController.m */; };
		CDB3F5701B3402CE0031182E /* logoLabdoc.png in Resources */ = {isa = PBXBuildFile; fileRef = CDB3F56D1B3402CE0031182E /* logoLabdoc.png */; };
		CDB3F5711B3402CE0031182E /* logo iit.jpg in Resources */ = {isa = PBXBuildFile; fileRef = CDB3F56E1B3402CE0031182E /* logo iit.jpg */; };
		CDB3F5721B3402CE0031182E /* logo cnr.jpg in Resources */ = {isa = PBXBuildFile; fileRef = CDB3F56F1B3402CE0031182E /* logo cnr.jpg */; };
		CDB3F5741B3415070031182E /* info_icon.png in Resources */ = {isa = PBXBuildFile; fileRef = CDB3F5731B3415070031182E /* info_icon.png */; };
		CDB3F5781B3416B10031182E /* clock_icon.png in Resources */ = {isa = PBXBuildFile; fileRef = CDB3F5771B3416B10031182E /* clock_icon.png */; };
		CDB3F57B1B341A220031182E /* TitoloLabel.m in Sources */ = {isa = PBXBuildFile; fileRef = CDB3F57A1B341A220031182E /* TitoloLabel.m */; };
		CDC02E141B26E35F00C7C15E /* down_arrow.png in Resources */ = {isa = PBXBuildFile; fileRef = CDC02E131B26E35F00C7C15E /* down_arrow.png */; };
		CDC02E181B26E5A500C7C15E /* left_arrow_white.png in Resources */ = {isa = PBXBuildFile; fileRef = CDC02E171B26E5A500C7C15E /* left_arrow_white.png */; };
		CDCB24971B2064850087A5BE /* main.m in Sources */ = {isa = PBXBuildFile; fileRef = CDCB24961B2064850087A5BE /* main.m */; };
		CDCB24A21B2064850087A5BE /* Images.xcassets in Resources */ = {isa = PBXBuildFile; fileRef = CDCB24A11B2064850087A5BE /* Images.xcassets */; };
		CDCB24A51B2064850087A5BE /* LaunchScreen.xib in Resources */ = {isa = PBXBuildFile; fileRef = CDCB24A31B2064850087A5BE /* LaunchScreen.xib */; };
		CDCB24B11B2064850087A5BE /* thesappTests.m in Sources */ = {isa = PBXBuildFile; fileRef = CDCB24B01B2064850087A5BE /* thesappTests.m */; };
		CDFF70AF1B219E7200B5FD3D /* Settings.bundle in Resources */ = {isa = PBXBuildFile; fileRef = CDFF70AE1B219E7200B5FD3D /* Settings.bundle */; };
/* End PBXBuildFile section */

/* Begin PBXContainerItemProxy section */
		CDCB24AB1B2064850087A5BE /* PBXContainerItemProxy */ = {
			isa = PBXContainerItemProxy;
			containerPortal = CDCB24891B2064850087A5BE /* Project object */;
			proxyType = 1;
			remoteGlobalIDString = CDCB24901B2064850087A5BE;
			remoteInfo = thesapp;
		};
/* End PBXContainerItemProxy section */

/* Begin PBXFileReference section */
		3819954E89B38082E6374B6A /* libPods.a */ = {isa = PBXFileReference; explicitFileType = archive.ar; includeInIndex = 0; path = libPods.a; sourceTree = BUILT_PRODUCTS_DIR; };
		CD25C3331B29B82F00C0EE91 /* filter_list.png */ = {isa = PBXFileReference; lastKnownFileType = image.png; path = filter_list.png; sourceTree = "<group>"; };
		CD25C3351B29BA3600C0EE91 /* up_arrow_white.png */ = {isa = PBXFileReference; lastKnownFileType = image.png; path = up_arrow_white.png; sourceTree = "<group>"; };
		CD3DD1501B3169D20082A337 /* Localization.h */ = {isa = PBXFileReference; fileEncoding = 4; lastKnownFileType = sourcecode.c.h; path = Localization.h; sourceTree = "<group>"; };
		CD3DD1511B3169D20082A337 /* Localization.m */ = {isa = PBXFileReference; fileEncoding = 4; lastKnownFileType = sourcecode.c.objc; path = Localization.m; sourceTree = "<group>"; };
		CD8936511B32B6410016439D /* DominioTableViewCell.h */ = {isa = PBXFileReference; fileEncoding = 4; lastKnownFileType = sourcecode.c.h; path = DominioTableViewCell.h; sourceTree = "<group>"; };
		CD8936521B32B6410016439D /* DominioTableViewCell.m */ = {isa = PBXFileReference; fileEncoding = 4; lastKnownFileType = sourcecode.c.objc; path = DominioTableViewCell.m; sourceTree = "<group>"; };
		CD8936531B32B6410016439D /* DominioTableViewCell.xib */ = {isa = PBXFileReference; fileEncoding = 4; lastKnownFileType = file.xib; path = DominioTableViewCell.xib; sourceTree = "<group>"; };
		CDA0717E1B20659100BD6CCF /* CustomCollectionViewCell.h */ = {isa = PBXFileReference; fileEncoding = 4; lastKnownFileType = sourcecode.c.h; path = CustomCollectionViewCell.h; sourceTree = "<group>"; };
		CDA0717F1B20659100BD6CCF /* CustomCollectionViewCell.m */ = {isa = PBXFileReference; fileEncoding = 4; lastKnownFileType = sourcecode.c.objc; path = CustomCollectionViewCell.m; sourceTree = "<group>"; };
		CDA071801B20659100BD6CCF /* CustomCollectionViewCell.xib */ = {isa = PBXFileReference; fileEncoding = 4; lastKnownFileType = file.xib; path = CustomCollectionViewCell.xib; sourceTree = "<group>"; };
		CDA071831B20659B00BD6CCF /* TermCard.xib */ = {isa = PBXFileReference; fileEncoding = 4; lastKnownFileType = file.xib; path = TermCard.xib; sourceTree = "<group>"; };
		CDA071851B2065B700BD6CCF /* Categoria.h */ = {isa = PBXFileReference; fileEncoding = 4; lastKnownFileType = sourcecode.c.h; path = Categoria.h; sourceTree = "<group>"; };
		CDA071861B2065B700BD6CCF /* Categoria.m */ = {isa = PBXFileReference; fileEncoding = 4; lastKnownFileType = sourcecode.c.objc; path = Categoria.m; sourceTree = "<group>"; };
		CDA071871B2065B700BD6CCF /* CategoryCard.h */ = {isa = PBXFileReference; fileEncoding = 4; lastKnownFileType = sourcecode.c.h; path = CategoryCard.h; sourceTree = "<group>"; };
		CDA071881B2065B700BD6CCF /* CategoryCard.m */ = {isa = PBXFileReference; fileEncoding = 4; lastKnownFileType = sourcecode.c.objc; path = CategoryCard.m; sourceTree = "<group>"; };
		CDA071891B2065B700BD6CCF /* DEMOCustomAutoCompleteObject.h */ = {isa = PBXFileReference; fileEncoding = 4; lastKnownFileType = sourcecode.c.h; path = DEMOCustomAutoCompleteObject.h; sourceTree = "<group>"; };
		CDA0718A1B2065B700BD6CCF /* DEMOCustomAutoCompleteObject.m */ = {isa = PBXFileReference; fileEncoding = 4; lastKnownFileType = sourcecode.c.objc; path = DEMOCustomAutoCompleteObject.m; sourceTree = "<group>"; };
		CDA0718B1B2065B700BD6CCF /* DEMODataSource.h */ = {isa = PBXFileReference; fileEncoding = 4; lastKnownFileType = sourcecode.c.h; path = DEMODataSource.h; sourceTree = "<group>"; };
		CDA0718C1B2065B700BD6CCF /* DEMODataSource.m */ = {isa = PBXFileReference; fileEncoding = 4; lastKnownFileType = sourcecode.c.objc; path = DEMODataSource.m; sourceTree = "<group>"; };
		CDA0718D1B2065B700BD6CCF /* Descriptor.h */ = {isa = PBXFileReference; fileEncoding = 4; lastKnownFileType = sourcecode.c.h; path = Descriptor.h; sourceTree = "<group>"; };
		CDA0718E1B2065B700BD6CCF /* Descriptor.m */ = {isa = PBXFileReference; fileEncoding = 4; lastKnownFileType = sourcecode.c.objc; path = Descriptor.m; sourceTree = "<group>"; };
		CDA0718F1B2065B700BD6CCF /* Domain.h */ = {isa = PBXFileReference; fileEncoding = 4; lastKnownFileType = sourcecode.c.h; path = Domain.h; sourceTree = "<group>"; };
		CDA071901B2065B700BD6CCF /* Domain.m */ = {isa = PBXFileReference; fileEncoding = 4; lastKnownFileType = sourcecode.c.objc; path = Domain.m; sourceTree = "<group>"; };
		CDA071911B2065B700BD6CCF /* DomainCard.h */ = {isa = PBXFileReference; fileEncoding = 4; lastKnownFileType = sourcecode.c.h; path = DomainCard.h; sourceTree = "<group>"; };
		CDA071921B2065B700BD6CCF /* DomainCard.m */ = {isa = PBXFileReference; fileEncoding = 4; lastKnownFileType = sourcecode.c.objc; path = DomainCard.m; sourceTree = "<group>"; };
		CDA071931B2065B700BD6CCF /* DomainCategoryCard.h */ = {isa = PBXFileReference; fileEncoding = 4; lastKnownFileType = sourcecode.c.h; path = DomainCategoryCard.h; sourceTree = "<group>"; };
		CDA071941B2065B700BD6CCF /* DomainCategoryCard.m */ = {isa = PBXFileReference; fileEncoding = 4; lastKnownFileType = sourcecode.c.objc; path = DomainCategoryCard.m; sourceTree = "<group>"; };
		CDA071951B2065B700BD6CCF /* Etichetta.h */ = {isa = PBXFileReference; fileEncoding = 4; lastKnownFileType = sourcecode.c.h; path = Etichetta.h; sourceTree = "<group>"; };
		CDA071961B2065B700BD6CCF /* Etichetta.m */ = {isa = PBXFileReference; fileEncoding = 4; lastKnownFileType = sourcecode.c.objc; path = Etichetta.m; sourceTree = "<group>"; };
		CDA071971B2065B700BD6CCF /* GenericCard.h */ = {isa = PBXFileReference; fileEncoding = 4; lastKnownFileType = sourcecode.c.h; path = GenericCard.h; sourceTree = "<group>"; };
		CDA071981B2065B700BD6CCF /* GenericCard.m */ = {isa = PBXFileReference; fileEncoding = 4; lastKnownFileType = sourcecode.c.objc; path = GenericCard.m; sourceTree = "<group>"; };
		CDA071991B2065B700BD6CCF /* GenericScrollCard.h */ = {isa = PBXFileReference; fileEncoding = 4; lastKnownFileType = sourcecode.c.h; path = GenericScrollCard.h; sourceTree = "<group>"; };
		CDA0719A1B2065B700BD6CCF /* GenericScrollCard.m */ = {isa = PBXFileReference; fileEncoding = 4; lastKnownFileType = sourcecode.c.objc; path = GenericScrollCard.m; sourceTree = "<group>"; };
		CDA071A91B2065D000BD6CCF /* AppDelegate.h */ = {isa = PBXFileReference; fileEncoding = 4; lastKnownFileType = sourcecode.c.h; path = AppDelegate.h; sourceTree = "<group>"; };
		CDA071AA1B2065D000BD6CCF /* AppDelegate.m */ = {isa = PBXFileReference; fileEncoding = 4; lastKnownFileType = sourcecode.c.objc; path = AppDelegate.m; sourceTree = "<group>"; };
		CDA071AC1B20661400BD6CCF /* Main.storyboard */ = {isa = PBXFileReference; fileEncoding = 4; lastKnownFileType = file.storyboard; path = Main.storyboard; sourceTree = "<group>"; };
		CDA071AF1B20661500BD6CCF /* MLPAutoCompleteTextField.h */ = {isa = PBXFileReference; fileEncoding = 4; lastKnownFileType = sourcecode.c.h; path = MLPAutoCompleteTextField.h; sourceTree = "<group>"; };
		CDA071B01B20661500BD6CCF /* MLPAutoCompleteTextField.m */ = {isa = PBXFileReference; fileEncoding = 4; lastKnownFileType = sourcecode.c.objc; path = MLPAutoCompleteTextField.m; sourceTree = "<group>"; };
		CDA071B11B20661500BD6CCF /* MLPAutoCompleteTextFieldDataSource.h */ = {isa = PBXFileReference; fileEncoding = 4; lastKnownFileType = sourcecode.c.h; path = MLPAutoCompleteTextFieldDataSource.h; sourceTree = "<group>"; };
		CDA071B21B20661500BD6CCF /* MLPAutoCompleteTextFieldDelegate.h */ = {isa = PBXFileReference; fileEncoding = 4; lastKnownFileType = sourcecode.c.h; path = MLPAutoCompleteTextFieldDelegate.h; sourceTree = "<group>"; };
		CDA071B31B20661500BD6CCF /* MLPAutoCompletionObject.h */ = {isa = PBXFileReference; fileEncoding = 4; lastKnownFileType = sourcecode.c.h; path = MLPAutoCompletionObject.h; sourceTree = "<group>"; };
		CDA071B41B20661500BD6CCF /* NSString+Levenshtein.h */ = {isa = PBXFileReference; fileEncoding = 4; lastKnownFileType = sourcecode.c.h; path = "NSString+Levenshtein.h"; sourceTree = "<group>"; };
		CDA071B51B20661500BD6CCF /* NSString+Levenshtein.m */ = {isa = PBXFileReference; fileEncoding = 4; lastKnownFileType = sourcecode.c.objc; path = "NSString+Levenshtein.m"; sourceTree = "<group>"; };
		CDA071B81B20661500BD6CCF /* ScrollerViewController.h */ = {isa = PBXFileReference; fileEncoding = 4; lastKnownFileType = sourcecode.c.h; path = ScrollerViewController.h; sourceTree = "<group>"; };
		CDA071B91B20661500BD6CCF /* ScrollerViewController.m */ = {isa = PBXFileReference; fileEncoding = 4; lastKnownFileType = sourcecode.c.objc; path = ScrollerViewController.m; sourceTree = "<group>"; };
		CDA071BA1B20661500BD6CCF /* SideMenuTableViewController.h */ = {isa = PBXFileReference; fileEncoding = 4; lastKnownFileType = sourcecode.c.h; path = SideMenuTableViewController.h; sourceTree = "<group>"; };
		CDA071BB1B20661500BD6CCF /* SideMenuTableViewController.m */ = {isa = PBXFileReference; fileEncoding = 4; lastKnownFileType = sourcecode.c.objc; path = SideMenuTableViewController.m; sourceTree = "<group>"; };
		CDA071BE1B20661500BD6CCF /* Term.h */ = {isa = PBXFileReference; fileEncoding = 4; lastKnownFileType = sourcecode.c.h; path = Term.h; sourceTree = "<group>"; };
		CDA071BF1B20661500BD6CCF /* Term.m */ = {isa = PBXFileReference; fileEncoding = 4; lastKnownFileType = sourcecode.c.objc; path = Term.m; sourceTree = "<group>"; };
		CDA071C01B20661500BD6CCF /* TermCard.h */ = {isa = PBXFileReference; fileEncoding = 4; lastKnownFileType = sourcecode.c.h; path = TermCard.h; sourceTree = "<group>"; };
		CDA071C11B20661500BD6CCF /* TermCard.m */ = {isa = PBXFileReference; fileEncoding = 4; lastKnownFileType = sourcecode.c.objc; path = TermCard.m; sourceTree = "<group>"; };
		CDA071C21B20661500BD6CCF /* Utils.h */ = {isa = PBXFileReference; fileEncoding = 4; lastKnownFileType = sourcecode.c.h; path = Utils.h; sourceTree = "<group>"; };
		CDA071C31B20661500BD6CCF /* Utils.m */ = {isa = PBXFileReference; fileEncoding = 4; lastKnownFileType = sourcecode.c.objc; path = Utils.m; sourceTree = "<group>"; };
		CDA071C61B20661500BD6CCF /* WordButton.h */ = {isa = PBXFileReference; fileEncoding = 4; lastKnownFileType = sourcecode.c.h; path = WordButton.h; sourceTree = "<group>"; };
		CDA071C71B20661500BD6CCF /* WordButton.m */ = {isa = PBXFileReference; fileEncoding = 4; lastKnownFileType = sourcecode.c.objc; path = WordButton.m; sourceTree = "<group>"; };
		CDA071D51B20664C00BD6CCF /* Localizable.strings */ = {isa = PBXFileReference; fileEncoding = 4; lastKnownFileType = text.plist.strings; path = Localizable.strings; sourceTree = "<group>"; };
		CDA071DD1B2074CA00BD6CCF /* UILabel+FormattedText.h */ = {isa = PBXFileReference; fileEncoding = 4; lastKnownFileType = sourcecode.c.h; path = "UILabel+FormattedText.h"; sourceTree = "<group>"; };
		CDA071DE1B2074CA00BD6CCF /* UILabel+FormattedText.m */ = {isa = PBXFileReference; fileEncoding = 4; lastKnownFileType = sourcecode.c.objc; path = "UILabel+FormattedText.m"; sourceTree = "<group>"; };
		CDB3F5691B33FF3E0031182E /* InfoViewController.h */ = {isa = PBXFileReference; fileEncoding = 4; lastKnownFileType = sourcecode.c.h; path = InfoViewController.h; sourceTree = "<group>"; };
		CDB3F56A1B33FF3E0031182E /* InfoViewController.m */ = {isa = PBXFileReference; fileEncoding = 4; lastKnownFileType = sourcecode.c.objc; path = InfoViewController.m; sourceTree = "<group>"; };
		CDB3F56D1B3402CE0031182E /* logoLabdoc.png */ = {isa = PBXFileReference; lastKnownFileType = image.png; path = logoLabdoc.png; sourceTree = "<group>"; };
		CDB3F56E1B3402CE0031182E /* logo iit.jpg */ = {isa = PBXFileReference; lastKnownFileType = image.jpeg; path = "logo iit.jpg"; sourceTree = "<group>"; };
		CDB3F56F1B3402CE0031182E /* logo cnr.jpg */ = {isa = PBXFileReference; lastKnownFileType = image.jpeg; path = "logo cnr.jpg"; sourceTree = "<group>"; };
		CDB3F5731B3415070031182E /* info_icon.png */ = {isa = PBXFileReference; lastKnownFileType = image.png; path = info_icon.png; sourceTree = "<group>"; };
		CDB3F5771B3416B10031182E /* clock_icon.png */ = {isa = PBXFileReference; lastKnownFileType = image.png; path = clock_icon.png; sourceTree = "<group>"; };
		CDB3F5791B341A220031182E /* TitoloLabel.h */ = {isa = PBXFileReference; fileEncoding = 4; lastKnownFileType = sourcecode.c.h; path = TitoloLabel.h; sourceTree = "<group>"; };
		CDB3F57A1B341A220031182E /* TitoloLabel.m */ = {isa = PBXFileReference; fileEncoding = 4; lastKnownFileType = sourcecode.c.objc; path = TitoloLabel.m; sourceTree = "<group>"; };
		CDC02E131B26E35F00C7C15E /* down_arrow.png */ = {isa = PBXFileReference; lastKnownFileType = image.png; path = down_arrow.png; sourceTree = "<group>"; };
		CDC02E171B26E5A500C7C15E /* left_arrow_white.png */ = {isa = PBXFileReference; lastKnownFileType = image.png; path = left_arrow_white.png; sourceTree = "<group>"; };
		CDCB24911B2064850087A5BE /* thesapp.app */ = {isa = PBXFileReference; explicitFileType = wrapper.application; includeInIndex = 0; path = thesapp.app; sourceTree = BUILT_PRODUCTS_DIR; };
		CDCB24951B2064850087A5BE /* Info.plist */ = {isa = PBXFileReference; lastKnownFileType = text.plist.xml; path = Info.plist; sourceTree = "<group>"; };
		CDCB24961B2064850087A5BE /* main.m */ = {isa = PBXFileReference; lastKnownFileType = sourcecode.c.objc; path = main.m; sourceTree = "<group>"; };
		CDCB24A11B2064850087A5BE /* Images.xcassets */ = {isa = PBXFileReference; lastKnownFileType = folder.assetcatalog; path = Images.xcassets; sourceTree = "<group>"; };
		CDCB24A41B2064850087A5BE /* Base */ = {isa = PBXFileReference; lastKnownFileType = file.xib; name = Base; path = Base.lproj/LaunchScreen.xib; sourceTree = "<group>"; };
		CDCB24AA1B2064850087A5BE /* thesappTests.xctest */ = {isa = PBXFileReference; explicitFileType = wrapper.cfbundle; includeInIndex = 0; path = thesappTests.xctest; sourceTree = BUILT_PRODUCTS_DIR; };
		CDCB24AF1B2064850087A5BE /* Info.plist */ = {isa = PBXFileReference; lastKnownFileType = text.plist.xml; path = Info.plist; sourceTree = "<group>"; };
		CDCB24B01B2064850087A5BE /* thesappTests.m */ = {isa = PBXFileReference; lastKnownFileType = sourcecode.c.objc; path = thesappTests.m; sourceTree = "<group>"; };
		CDFF70AE1B219E7200B5FD3D /* Settings.bundle */ = {isa = PBXFileReference; lastKnownFileType = "wrapper.plug-in"; path = Settings.bundle; sourceTree = "<group>"; };
		ECA7F9158DA319590B1CA5F3 /* Pods.debug.xcconfig */ = {isa = PBXFileReference; includeInIndex = 1; lastKnownFileType = text.xcconfig; name = Pods.debug.xcconfig; path = "Pods/Target Support Files/Pods/Pods.debug.xcconfig"; sourceTree = "<group>"; };
		F05FC7612CD92CF1739E44C4 /* Pods.release.xcconfig */ = {isa = PBXFileReference; includeInIndex = 1; lastKnownFileType = text.xcconfig; name = Pods.release.xcconfig; path = "Pods/Target Support Files/Pods/Pods.release.xcconfig"; sourceTree = "<group>"; };
/* End PBXFileReference section */

/* Begin PBXFrameworksBuildPhase section */
		CDCB248E1B2064850087A5BE /* Frameworks */ = {
			isa = PBXFrameworksBuildPhase;
			buildActionMask = 2147483647;
			files = (
				63ADC5281D052028D05A4B1E /* libPods.a in Frameworks */,
			);
			runOnlyForDeploymentPostprocessing = 0;
		};
		CDCB24A71B2064850087A5BE /* Frameworks */ = {
			isa = PBXFrameworksBuildPhase;
			buildActionMask = 2147483647;
			files = (
			);
			runOnlyForDeploymentPostprocessing = 0;
		};
/* End PBXFrameworksBuildPhase section */

/* Begin PBXGroup section */
		C3E5A679AD81211149CDEB23 /* Frameworks */ = {
			isa = PBXGroup;
			children = (
				3819954E89B38082E6374B6A /* libPods.a */,
			);
			name = Frameworks;
			sourceTree = "<group>";
		};
		CDA071D71B20669200BD6CCF /* Card */ = {
			isa = PBXGroup;
			children = (
				CDA071C01B20661500BD6CCF /* TermCard.h */,
				CDA071C11B20661500BD6CCF /* TermCard.m */,
				CDA071871B2065B700BD6CCF /* CategoryCard.h */,
				CDA071881B2065B700BD6CCF /* CategoryCard.m */,
				CDA071911B2065B700BD6CCF /* DomainCard.h */,
				CDA071921B2065B700BD6CCF /* DomainCard.m */,
				CDA071931B2065B700BD6CCF /* DomainCategoryCard.h */,
				CDA071941B2065B700BD6CCF /* DomainCategoryCard.m */,
				CDA071971B2065B700BD6CCF /* GenericCard.h */,
				CDA071981B2065B700BD6CCF /* GenericCard.m */,
				CDA071991B2065B700BD6CCF /* GenericScrollCard.h */,
				CDA0719A1B2065B700BD6CCF /* GenericScrollCard.m */,
				CDA071831B20659B00BD6CCF /* TermCard.xib */,
			);
			name = Card;
			sourceTree = "<group>";
		};
		CDA071D81B2066A400BD6CCF /* Model */ = {
			isa = PBXGroup;
			children = (
				CDA071BE1B20661500BD6CCF /* Term.h */,
				CDA071BF1B20661500BD6CCF /* Term.m */,
				CDA071C61B20661500BD6CCF /* WordButton.h */,
				CDA071C71B20661500BD6CCF /* WordButton.m */,
				CDA071851B2065B700BD6CCF /* Categoria.h */,
				CDA071861B2065B700BD6CCF /* Categoria.m */,
				CDA0718D1B2065B700BD6CCF /* Descriptor.h */,
				CDA0718E1B2065B700BD6CCF /* Descriptor.m */,
				CDA0718F1B2065B700BD6CCF /* Domain.h */,
				CDA071901B2065B700BD6CCF /* Domain.m */,
				CDA071951B2065B700BD6CCF /* Etichetta.h */,
				CDA071961B2065B700BD6CCF /* Etichetta.m */,
				CD3DD1501B3169D20082A337 /* Localization.h */,
				CD3DD1511B3169D20082A337 /* Localization.m */,
				CDB3F5791B341A220031182E /* TitoloLabel.h */,
				CDB3F57A1B341A220031182E /* TitoloLabel.m */,
			);
			name = Model;
			sourceTree = "<group>";
		};
		CDA071D91B2066B300BD6CCF /* Controller */ = {
			isa = PBXGroup;
			children = (
				CDA071B81B20661500BD6CCF /* ScrollerViewController.h */,
				CDA071B91B20661500BD6CCF /* ScrollerViewController.m */,
				CDA071BA1B20661500BD6CCF /* SideMenuTableViewController.h */,
				CDA071BB1B20661500BD6CCF /* SideMenuTableViewController.m */,
				CDB3F5691B33FF3E0031182E /* InfoViewController.h */,
				CDB3F56A1B33FF3E0031182E /* InfoViewController.m */,
			);
			name = Controller;
			sourceTree = "<group>";
		};
		CDA071DA1B2066D700BD6CCF /* Utility */ = {
			isa = PBXGroup;
			children = (
				CDA071B41B20661500BD6CCF /* NSString+Levenshtein.h */,
				CDA071B51B20661500BD6CCF /* NSString+Levenshtein.m */,
				CDA071C21B20661500BD6CCF /* Utils.h */,
				CDA071C31B20661500BD6CCF /* Utils.m */,
				CDA071A91B2065D000BD6CCF /* AppDelegate.h */,
				CDA071AA1B2065D000BD6CCF /* AppDelegate.m */,
			);
			name = Utility;
			sourceTree = "<group>";
		};
		CDA071DB1B2066EB00BD6CCF /* Custom Controls */ = {
			isa = PBXGroup;
			children = (
				CDA071DD1B2074CA00BD6CCF /* UILabel+FormattedText.h */,
				CDA071DE1B2074CA00BD6CCF /* UILabel+FormattedText.m */,
				CDA071AF1B20661500BD6CCF /* MLPAutoCompleteTextField.h */,
				CDA071B01B20661500BD6CCF /* MLPAutoCompleteTextField.m */,
				CDA071B11B20661500BD6CCF /* MLPAutoCompleteTextFieldDataSource.h */,
				CDA071B21B20661500BD6CCF /* MLPAutoCompleteTextFieldDelegate.h */,
				CDA071B31B20661500BD6CCF /* MLPAutoCompletionObject.h */,
				CDA071891B2065B700BD6CCF /* DEMOCustomAutoCompleteObject.h */,
				CDA0718A1B2065B700BD6CCF /* DEMOCustomAutoCompleteObject.m */,
				CDA0718B1B2065B700BD6CCF /* DEMODataSource.h */,
				CDA0718C1B2065B700BD6CCF /* DEMODataSource.m */,
				CDA0717E1B20659100BD6CCF /* CustomCollectionViewCell.h */,
				CDA0717F1B20659100BD6CCF /* CustomCollectionViewCell.m */,
				CDA071801B20659100BD6CCF /* CustomCollectionViewCell.xib */,
				CD8936511B32B6410016439D /* DominioTableViewCell.h */,
				CD8936521B32B6410016439D /* DominioTableViewCell.m */,
				CD8936531B32B6410016439D /* DominioTableViewCell.xib */,
			);
			name = "Custom Controls";
			sourceTree = "<group>";
		};
		CDA071DC1B2066F300BD6CCF /* View */ = {
			isa = PBXGroup;
			children = (
				CDB3F56C1B3402A60031182E /* images */,
				CD25C3331B29B82F00C0EE91 /* filter_list.png */,
				CDC02E131B26E35F00C7C15E /* down_arrow.png */,
				CDB3F5771B3416B10031182E /* clock_icon.png */,
				CDB3F5731B3415070031182E /* info_icon.png */,
				CD25C3351B29BA3600C0EE91 /* up_arrow_white.png */,
				CDC02E171B26E5A500C7C15E /* left_arrow_white.png */,
				CDA071AC1B20661400BD6CCF /* Main.storyboard */,
				CDCB24A31B2064850087A5BE /* LaunchScreen.xib */,
				CDCB24A11B2064850087A5BE /* Images.xcassets */,
			);
			name = View;
			sourceTree = "<group>";
		};
		CDB3F56C1B3402A60031182E /* images */ = {
			isa = PBXGroup;
			children = (
				CDB3F56D1B3402CE0031182E /* logoLabdoc.png */,
				CDB3F56E1B3402CE0031182E /* logo iit.jpg */,
				CDB3F56F1B3402CE0031182E /* logo cnr.jpg */,
			);
			name = images;
			sourceTree = "<group>";
		};
		CDCB24881B2064850087A5BE = {
			isa = PBXGroup;
			children = (
				CDCB24931B2064850087A5BE /* thesapp */,
				CDCB24AD1B2064850087A5BE /* thesappTests */,
				CDCB24921B2064850087A5BE /* Products */,
				DAF817C5BB007A51371C687F /* Pods */,
				C3E5A679AD81211149CDEB23 /* Frameworks */,
			);
			sourceTree = "<group>";
		};
		CDCB24921B2064850087A5BE /* Products */ = {
			isa = PBXGroup;
			children = (
				CDCB24911B2064850087A5BE /* thesapp.app */,
				CDCB24AA1B2064850087A5BE /* thesappTests.xctest */,
			);
			name = Products;
			sourceTree = "<group>";
		};
		CDCB24931B2064850087A5BE /* thesapp */ = {
			isa = PBXGroup;
			children = (
				CDA071DC1B2066F300BD6CCF /* View */,
				CDA071DB1B2066EB00BD6CCF /* Custom Controls */,
				CDA071DA1B2066D700BD6CCF /* Utility */,
				CDA071D91B2066B300BD6CCF /* Controller */,
				CDA071D81B2066A400BD6CCF /* Model */,
				CDA071D71B20669200BD6CCF /* Card */,
				CDCB24941B2064850087A5BE /* Supporting Files */,
			);
			path = thesapp;
			sourceTree = "<group>";
		};
		CDCB24941B2064850087A5BE /* Supporting Files */ = {
			isa = PBXGroup;
			children = (
				CDA071D51B20664C00BD6CCF /* Localizable.strings */,
				CDFF70AE1B219E7200B5FD3D /* Settings.bundle */,
				CDCB24951B2064850087A5BE /* Info.plist */,
				CDCB24961B2064850087A5BE /* main.m */,
			);
			name = "Supporting Files";
			sourceTree = "<group>";
		};
		CDCB24AD1B2064850087A5BE /* thesappTests */ = {
			isa = PBXGroup;
			children = (
				CDCB24B01B2064850087A5BE /* thesappTests.m */,
				CDCB24AE1B2064850087A5BE /* Supporting Files */,
			);
			path = thesappTests;
			sourceTree = "<group>";
		};
		CDCB24AE1B2064850087A5BE /* Supporting Files */ = {
			isa = PBXGroup;
			children = (
				CDCB24AF1B2064850087A5BE /* Info.plist */,
			);
			name = "Supporting Files";
			sourceTree = "<group>";
		};
		DAF817C5BB007A51371C687F /* Pods */ = {
			isa = PBXGroup;
			children = (
				ECA7F9158DA319590B1CA5F3 /* Pods.debug.xcconfig */,
				F05FC7612CD92CF1739E44C4 /* Pods.release.xcconfig */,
			);
			name = Pods;
			sourceTree = "<group>";
		};
/* End PBXGroup section */

/* Begin PBXNativeTarget section */
		CDCB24901B2064850087A5BE /* thesapp */ = {
			isa = PBXNativeTarget;
			buildConfigurationList = CDCB24B41B2064850087A5BE /* Build configuration list for PBXNativeTarget "thesapp" */;
			buildPhases = (
				298CD23FA8F4BA821CE73EF1 /* Check Pods Manifest.lock */,
				CDCB248D1B2064850087A5BE /* Sources */,
				CDCB248E1B2064850087A5BE /* Frameworks */,
				CDCB248F1B2064850087A5BE /* Resources */,
				7224C50187ED13178C97EF5F /* Copy Pods Resources */,
			);
			buildRules = (
			);
			dependencies = (
			);
			name = thesapp;
			productName = thesapp;
			productReference = CDCB24911B2064850087A5BE /* thesapp.app */;
			productType = "com.apple.product-type.application";
		};
		CDCB24A91B2064850087A5BE /* thesappTests */ = {
			isa = PBXNativeTarget;
			buildConfigurationList = CDCB24B71B2064850087A5BE /* Build configuration list for PBXNativeTarget "thesappTests" */;
			buildPhases = (
				CDCB24A61B2064850087A5BE /* Sources */,
				CDCB24A71B2064850087A5BE /* Frameworks */,
				CDCB24A81B2064850087A5BE /* Resources */,
			);
			buildRules = (
			);
			dependencies = (
				CDCB24AC1B2064850087A5BE /* PBXTargetDependency */,
			);
			name = thesappTests;
			productName = thesappTests;
			productReference = CDCB24AA1B2064850087A5BE /* thesappTests.xctest */;
			productType = "com.apple.product-type.bundle.unit-test";
		};
/* End PBXNativeTarget section */

/* Begin PBXProject section */
		CDCB24891B2064850087A5BE /* Project object */ = {
			isa = PBXProject;
			attributes = {
				LastUpgradeCheck = 0630;
				ORGANIZATIONNAME = "IIT Cnr";
				TargetAttributes = {
					CDCB24901B2064850087A5BE = {
						CreatedOnToolsVersion = 6.3.2;
						SystemCapabilities = {
							com.apple.BackgroundModes = {
								enabled = 1;
							};
						};
					};
					CDCB24A91B2064850087A5BE = {
						CreatedOnToolsVersion = 6.3.2;
						TestTargetID = CDCB24901B2064850087A5BE;
					};
				};
			};
			buildConfigurationList = CDCB248C1B2064850087A5BE /* Build configuration list for PBXProject "thesapp" */;
			compatibilityVersion = "Xcode 3.2";
			developmentRegion = English;
			hasScannedForEncodings = 0;
			knownRegions = (
				en,
				Base,
			);
			mainGroup = CDCB24881B2064850087A5BE;
			productRefGroup = CDCB24921B2064850087A5BE /* Products */;
			projectDirPath = "";
			projectRoot = "";
			targets = (
				CDCB24901B2064850087A5BE /* thesapp */,
				CDCB24A91B2064850087A5BE /* thesappTests */,
			);
		};
/* End PBXProject section */

/* Begin PBXResourcesBuildPhase section */
		CDCB248F1B2064850087A5BE /* Resources */ = {
			isa = PBXResourcesBuildPhase;
			buildActionMask = 2147483647;
			files = (
				CDB3F5711B3402CE0031182E /* logo iit.jpg in Resources */,
				CDA071841B20659B00BD6CCF /* TermCard.xib in Resources */,
				CDB3F5781B3416B10031182E /* clock_icon.png in Resources */,
				CDA071D61B20664C00BD6CCF /* Localizable.strings in Resources */,
				CDA071C81B20661500BD6CCF /* Main.storyboard in Resources */,
				CDB3F5741B3415070031182E /* info_icon.png in Resources */,
				CDC02E141B26E35F00C7C15E /* down_arrow.png in Resources */,
				CDC02E181B26E5A500C7C15E /* left_arrow_white.png in Resources */,
				CD25C3361B29BA3600C0EE91 /* up_arrow_white.png in Resources */,
				CDCB24A51B2064850087A5BE /* LaunchScreen.xib in Resources */,
				CD8936551B32B6410016439D /* DominioTableViewCell.xib in Resources */,
				CDCB24A21B2064850087A5BE /* Images.xcassets in Resources */,
				CDA071821B20659100BD6CCF /* CustomCollectionViewCell.xib in Resources */,
				CD25C3341B29B82F00C0EE91 /* filter_list.png in Resources */,
				CDFF70AF1B219E7200B5FD3D /* Settings.bundle in Resources */,
				CDB3F5701B3402CE0031182E /* logoLabdoc.png in Resources */,
				CDB3F5721B3402CE0031182E /* logo cnr.jpg in Resources */,
			);
			runOnlyForDeploymentPostprocessing = 0;
		};
		CDCB24A81B2064850087A5BE /* Resources */ = {
			isa = PBXResourcesBuildPhase;
			buildActionMask = 2147483647;
			files = (
			);
			runOnlyForDeploymentPostprocessing = 0;
		};
/* End PBXResourcesBuildPhase section */

/* Begin PBXShellScriptBuildPhase section */
		298CD23FA8F4BA821CE73EF1 /* Check Pods Manifest.lock */ = {
			isa = PBXShellScriptBuildPhase;
			buildActionMask = 2147483647;
			files = (
			);
			inputPaths = (
			);
			name = "Check Pods Manifest.lock";
			outputPaths = (
			);
			runOnlyForDeploymentPostprocessing = 0;
			shellPath = /bin/sh;
			shellScript = "diff \"${PODS_ROOT}/../Podfile.lock\" \"${PODS_ROOT}/Manifest.lock\" > /dev/null\nif [[ $? != 0 ]] ; then\n    cat << EOM\nerror: The sandbox is not in sync with the Podfile.lock. Run 'pod install' or update your CocoaPods installation.\nEOM\n    exit 1\nfi\n";
			showEnvVarsInLog = 0;
		};
		7224C50187ED13178C97EF5F /* Copy Pods Resources */ = {
			isa = PBXShellScriptBuildPhase;
			buildActionMask = 2147483647;
			files = (
			);
			inputPaths = (
			);
			name = "Copy Pods Resources";
			outputPaths = (
			);
			runOnlyForDeploymentPostprocessing = 0;
			shellPath = /bin/sh;
			shellScript = "\"${SRCROOT}/Pods/Target Support Files/Pods/Pods-resources.sh\"\n";
			showEnvVarsInLog = 0;
		};
/* End PBXShellScriptBuildPhase section */

/* Begin PBXSourcesBuildPhase section */
		CDCB248D1B2064850087A5BE /* Sources */ = {
			isa = PBXSourcesBuildPhase;
			buildActionMask = 2147483647;
			files = (
				CDA071CD1B20661500BD6CCF /* ScrollerViewController.m in Sources */,
				CDB3F56B1B33FF3E0031182E /* InfoViewController.m in Sources */,
				CDA071A21B2065B700BD6CCF /* Domain.m in Sources */,
				CDB3F57B1B341A220031182E /* TitoloLabel.m in Sources */,
				CDA071A51B2065B700BD6CCF /* Etichetta.m in Sources */,
				CDA071D01B20661500BD6CCF /* Term.m in Sources */,
				CDA071A61B2065B700BD6CCF /* GenericCard.m in Sources */,
				CDA071CB1B20661500BD6CCF /* NSString+Levenshtein.m in Sources */,
				CD3DD1521B3169D20082A337 /* Localization.m in Sources */,
				CDA071D11B20661500BD6CCF /* TermCard.m in Sources */,
				CDA071AB1B2065D000BD6CCF /* AppDelegate.m in Sources */,
				CDA0719E1B2065B700BD6CCF /* CategoryCard.m in Sources */,
				CDA071A71B2065B700BD6CCF /* GenericScrollCard.m in Sources */,
				CDA071D41B20661500BD6CCF /* WordButton.m in Sources */,
				CDA0719D1B2065B700BD6CCF /* Categoria.m in Sources */,
				CDA071DF1B2074CA00BD6CCF /* UILabel+FormattedText.m in Sources */,
				CDA071A11B2065B700BD6CCF /* Descriptor.m in Sources */,
				CDA071D21B20661500BD6CCF /* Utils.m in Sources */,
				CDA071A01B2065B700BD6CCF /* DEMODataSource.m in Sources */,
				CDA071CE1B20661500BD6CCF /* SideMenuTableViewController.m in Sources */,
				CDA071A41B2065B700BD6CCF /* DomainCategoryCard.m in Sources */,
				CDA071CA1B20661500BD6CCF /* MLPAutoCompleteTextField.m in Sources */,
				CDA071A31B2065B700BD6CCF /* DomainCard.m in Sources */,
				CDCB24971B2064850087A5BE /* main.m in Sources */,
				CDA0719F1B2065B700BD6CCF /* DEMOCustomAutoCompleteObject.m in Sources */,
				CD8936541B32B6410016439D /* DominioTableViewCell.m in Sources */,
				CDA071811B20659100BD6CCF /* CustomCollectionViewCell.m in Sources */,
			);
			runOnlyForDeploymentPostprocessing = 0;
		};
		CDCB24A61B2064850087A5BE /* Sources */ = {
			isa = PBXSourcesBuildPhase;
			buildActionMask = 2147483647;
			files = (
				CDCB24B11B2064850087A5BE /* thesappTests.m in Sources */,
			);
			runOnlyForDeploymentPostprocessing = 0;
		};
/* End PBXSourcesBuildPhase section */

/* Begin PBXTargetDependency section */
		CDCB24AC1B2064850087A5BE /* PBXTargetDependency */ = {
			isa = PBXTargetDependency;
			target = CDCB24901B2064850087A5BE /* thesapp */;
			targetProxy = CDCB24AB1B2064850087A5BE /* PBXContainerItemProxy */;
		};
/* End PBXTargetDependency section */

/* Begin PBXVariantGroup section */
		CDCB24A31B2064850087A5BE /* LaunchScreen.xib */ = {
			isa = PBXVariantGroup;
			children = (
				CDCB24A41B2064850087A5BE /* Base */,
			);
			name = LaunchScreen.xib;
			sourceTree = "<group>";
		};
/* End PBXVariantGroup section */

/* Begin XCBuildConfiguration section */
		CDCB24B21B2064850087A5BE /* Debug */ = {
			isa = XCBuildConfiguration;
			buildSettings = {
				ALWAYS_SEARCH_USER_PATHS = NO;
				CLANG_CXX_LANGUAGE_STANDARD = "gnu++0x";
				CLANG_CXX_LIBRARY = "libc++";
				CLANG_ENABLE_MODULES = YES;
				CLANG_ENABLE_OBJC_ARC = YES;
				CLANG_WARN_BOOL_CONVERSION = YES;
				CLANG_WARN_CONSTANT_CONVERSION = YES;
				CLANG_WARN_DIRECT_OBJC_ISA_USAGE = YES_ERROR;
				CLANG_WARN_EMPTY_BODY = YES;
				CLANG_WARN_ENUM_CONVERSION = YES;
				CLANG_WARN_INT_CONVERSION = YES;
				CLANG_WARN_OBJC_ROOT_CLASS = YES_ERROR;
				CLANG_WARN_UNREACHABLE_CODE = YES;
				CLANG_WARN__DUPLICATE_METHOD_MATCH = YES;
				"CODE_SIGN_IDENTITY[sdk=iphoneos*]" = "iPhone Developer";
				COPY_PHASE_STRIP = NO;
				DEBUG_INFORMATION_FORMAT = "dwarf-with-dsym";
				ENABLE_STRICT_OBJC_MSGSEND = YES;
				GCC_C_LANGUAGE_STANDARD = gnu99;
				GCC_DYNAMIC_NO_PIC = NO;
				GCC_NO_COMMON_BLOCKS = YES;
				GCC_OPTIMIZATION_LEVEL = 0;
				GCC_PREPROCESSOR_DEFINITIONS = (
					"DEBUG=1",
					"$(inherited)",
				);
				GCC_SYMBOLS_PRIVATE_EXTERN = NO;
				GCC_WARN_64_TO_32_BIT_CONVERSION = YES;
				GCC_WARN_ABOUT_RETURN_TYPE = YES_ERROR;
				GCC_WARN_UNDECLARED_SELECTOR = YES;
				GCC_WARN_UNINITIALIZED_AUTOS = YES_AGGRESSIVE;
				GCC_WARN_UNUSED_FUNCTION = YES;
				GCC_WARN_UNUSED_VARIABLE = YES;
				IPHONEOS_DEPLOYMENT_TARGET = 8.0;
				MTL_ENABLE_DEBUG_INFO = YES;
				ONLY_ACTIVE_ARCH = YES;
				SDKROOT = iphoneos;
				TARGETED_DEVICE_FAMILY = "1,2";
			};
			name = Debug;
		};
		CDCB24B31B2064850087A5BE /* Release */ = {
			isa = XCBuildConfiguration;
			buildSettings = {
				ALWAYS_SEARCH_USER_PATHS = NO;
				CLANG_CXX_LANGUAGE_STANDARD = "gnu++0x";
				CLANG_CXX_LIBRARY = "libc++";
				CLANG_ENABLE_MODULES = YES;
				CLANG_ENABLE_OBJC_ARC = YES;
				CLANG_WARN_BOOL_CONVERSION = YES;
				CLANG_WARN_CONSTANT_CONVERSION = YES;
				CLANG_WARN_DIRECT_OBJC_ISA_USAGE = YES_ERROR;
				CLANG_WARN_EMPTY_BODY = YES;
				CLANG_WARN_ENUM_CONVERSION = YES;
				CLANG_WARN_INT_CONVERSION = YES;
				CLANG_WARN_OBJC_ROOT_CLASS = YES_ERROR;
				CLANG_WARN_UNREACHABLE_CODE = YES;
				CLANG_WARN__DUPLICATE_METHOD_MATCH = YES;
				"CODE_SIGN_IDENTITY[sdk=iphoneos*]" = "iPhone Developer";
				COPY_PHASE_STRIP = NO;
				DEBUG_INFORMATION_FORMAT = "dwarf-with-dsym";
				ENABLE_NS_ASSERTIONS = NO;
				ENABLE_STRICT_OBJC_MSGSEND = YES;
				GCC_C_LANGUAGE_STANDARD = gnu99;
				GCC_NO_COMMON_BLOCKS = YES;
				GCC_WARN_64_TO_32_BIT_CONVERSION = YES;
				GCC_WARN_ABOUT_RETURN_TYPE = YES_ERROR;
				GCC_WARN_UNDECLARED_SELECTOR = YES;
				GCC_WARN_UNINITIALIZED_AUTOS = YES_AGGRESSIVE;
				GCC_WARN_UNUSED_FUNCTION = YES;
				GCC_WARN_UNUSED_VARIABLE = YES;
				IPHONEOS_DEPLOYMENT_TARGET = 8.0;
				MTL_ENABLE_DEBUG_INFO = NO;
				SDKROOT = iphoneos;
				TARGETED_DEVICE_FAMILY = "1,2";
				VALIDATE_PRODUCT = YES;
			};
			name = Release;
		};
		CDCB24B51B2064850087A5BE /* Debug */ = {
			isa = XCBuildConfiguration;
			baseConfigurationReference = ECA7F9158DA319590B1CA5F3 /* Pods.debug.xcconfig */;
			buildSettings = {
				ASSETCATALOG_COMPILER_APPICON_NAME = AppIcon;
				INFOPLIST_FILE = thesapp/Info.plist;
				LD_RUNPATH_SEARCH_PATHS = "$(inherited) @executable_path/Frameworks";
				PRODUCT_NAME = "$(TARGET_NAME)";
			};
			name = Debug;
		};
		CDCB24B61B2064850087A5BE /* Release */ = {
			isa = XCBuildConfiguration;
			baseConfigurationReference = F05FC7612CD92CF1739E44C4 /* Pods.release.xcconfig */;
			buildSettings = {
				ASSETCATALOG_COMPILER_APPICON_NAME = AppIcon;
				INFOPLIST_FILE = thesapp/Info.plist;
				LD_RUNPATH_SEARCH_PATHS = "$(inherited) @executable_path/Frameworks";
				PRODUCT_NAME = "$(TARGET_NAME)";
			};
			name = Release;
		};
		CDCB24B81B2064850087A5BE /* Debug */ = {
			isa = XCBuildConfiguration;
			buildSettings = {
				BUNDLE_LOADER = "$(TEST_HOST)";
				FRAMEWORK_SEARCH_PATHS = (
					"$(SDKROOT)/Developer/Library/Frameworks",
					"$(inherited)",
				);
				GCC_PREPROCESSOR_DEFINITIONS = (
					"DEBUG=1",
					"$(inherited)",
				);
				INFOPLIST_FILE = thesappTests/Info.plist;
				LD_RUNPATH_SEARCH_PATHS = "$(inherited) @executable_path/Frameworks @loader_path/Frameworks";
				PRODUCT_NAME = "$(TARGET_NAME)";
				TEST_HOST = "$(BUILT_PRODUCTS_DIR)/thesapp.app/thesapp";
			};
			name = Debug;
		};
		CDCB24B91B2064850087A5BE /* Release */ = {
			isa = XCBuildConfiguration;
			buildSettings = {
				BUNDLE_LOADER = "$(TEST_HOST)";
				FRAMEWORK_SEARCH_PATHS = (
					"$(SDKROOT)/Developer/Library/Frameworks",
					"$(inherited)",
				);
				INFOPLIST_FILE = thesappTests/Info.plist;
				LD_RUNPATH_SEARCH_PATHS = "$(inherited) @executable_path/Frameworks @loader_path/Frameworks";
				PRODUCT_NAME = "$(TARGET_NAME)";
				TEST_HOST = "$(BUILT_PRODUCTS_DIR)/thesapp.app/thesapp";
			};
			name = Release;
		};
/* End XCBuildConfiguration section */

/* Begin XCConfigurationList section */
		CDCB248C1B2064850087A5BE /* Build configuration list for PBXProject "thesapp" */ = {
			isa = XCConfigurationList;
			buildConfigurations = (
				CDCB24B21B2064850087A5BE /* Debug */,
				CDCB24B31B2064850087A5BE /* Release */,
			);
			defaultConfigurationIsVisible = 0;
			defaultConfigurationName = Release;
		};
		CDCB24B41B2064850087A5BE /* Build configuration list for PBXNativeTarget "thesapp" */ = {
			isa = XCConfigurationList;
			buildConfigurations = (
				CDCB24B51B2064850087A5BE /* Debug */,
				CDCB24B61B2064850087A5BE /* Release */,
			);
			defaultConfigurationIsVisible = 0;
			defaultConfigurationName = Release;
		};
		CDCB24B71B2064850087A5BE /* Build configuration list for PBXNativeTarget "thesappTests" */ = {
			isa = XCConfigurationList;
			buildConfigurations = (
				CDCB24B81B2064850087A5BE /* Debug */,
				CDCB24B91B2064850087A5BE /* Release */,
			);
			defaultConfigurationIsVisible = 0;
			defaultConfigurationName = Release;
		};
/* End XCConfigurationList section */
	};
	rootObject = CDCB24891B2064850087A5BE /* Project object */;
}
